
Microsoft Visual Studio Solution File, Format Version 12.00
# Visual Studio Version 16
VisualStudioVersion = 16.0.30114.105
MinimumVisualStudioVersion = 10.0.40219.1
Project("{9A19103F-16F7-4668-BE54-9A1E7A4F7556}") = "ADO", "ConsoleApp1\ADO.csproj", "{65D42603-5DBB-42AE-94EA-C02827362465}"
EndProject
Project("{FAE04EC0-301F-11D3-BF4B-00C04F79EFBC}") = "Entity", "Entity\Entity.csproj", "{D5B632D4-E1F1-4C3A-A991-A006064329BA}"
EndProject
Global
	GlobalSection(SolutionConfigurationPlatforms) = preSolution
		Debug|Any CPU = Debug|Any CPU
		Release|Any CPU = Release|Any CPU
	EndGlobalSection
	GlobalSection(ProjectConfigurationPlatforms) = postSolution
		{65D42603-5DBB-42AE-94EA-C02827362465}.Debug|Any CPU.ActiveCfg = Debug|Any CPU
		{65D42603-5DBB-42AE-94EA-C02827362465}.Debug|Any CPU.Build.0 = Debug|Any CPU
		{65D42603-5DBB-42AE-94EA-C02827362465}.Release|Any CPU.ActiveCfg = Release|Any CPU
		{65D42603-5DBB-42AE-94EA-C02827362465}.Release|Any CPU.Build.0 = Release|Any CPU
		{D5B632D4-E1F1-4C3A-A991-A006064329BA}.Debug|Any CPU.ActiveCfg = Debug|Any CPU
		{D5B632D4-E1F1-4C3A-A991-A006064329BA}.Debug|Any CPU.Build.0 = Debug|Any CPU
		{D5B632D4-E1F1-4C3A-A991-A006064329BA}.Release|Any CPU.ActiveCfg = Release|Any CPU
		{D5B632D4-E1F1-4C3A-A991-A006064329BA}.Release|Any CPU.Build.0 = Release|Any CPU
	EndGlobalSection
	GlobalSection(SolutionProperties) = preSolution
		HideSolutionNode = FALSE
	EndGlobalSection
	GlobalSection(ExtensibilityGlobals) = postSolution
		SolutionGuid = {B545B913-6529-4326-ACDD-B08F0BDF9FF0}
	EndGlobalSection
EndGlobal
